
Microsoft Visual Studio Solution File, Format Version 12.00
# Visual Studio Version 16
VisualStudioVersion = 16.0.28803.452
MinimumVisualStudioVersion = 10.0.40219.1
Project("{9A19103F-16F7-4668-BE54-9A1E7A4F7556}") = "Exercise.Api", "Exercise.Api\Exercise.Api.csproj", "{35E56CFD-EE5F-408C-9D99-4A0A983C74CB}"
EndProject
Project("{9A19103F-16F7-4668-BE54-9A1E7A4F7556}") = "Exercise.Api.Models", "Exercise.Api.Models\Exercise.Api.Models.csproj", "{8BB70D2E-9AB3-4978-B169-2BDFD75A7239}"
EndProject
Project("{9A19103F-16F7-4668-BE54-9A1E7A4F7556}") = "Exercise.Api.Tests", "Exercise.Api.Tests\Exercise.Api.Tests.csproj", "{266E72AE-5288-46BF-81F8-3BB159BFF30D}"
EndProject
Project("{9A19103F-16F7-4668-BE54-9A1E7A4F7556}") = "Exercise.DAL", "Exercise.DAL\Exercise.DAL.csproj", "{87831181-AD38-4612-930D-2CA1EC6DEBF0}"
EndProject
Global
	GlobalSection(SolutionConfigurationPlatforms) = preSolution
		Debug|Any CPU = Debug|Any CPU
		Release|Any CPU = Release|Any CPU
	EndGlobalSection
	GlobalSection(ProjectConfigurationPlatforms) = postSolution
		{35E56CFD-EE5F-408C-9D99-4A0A983C74CB}.Debug|Any CPU.ActiveCfg = Debug|Any CPU
		{35E56CFD-EE5F-408C-9D99-4A0A983C74CB}.Debug|Any CPU.Build.0 = Debug|Any CPU
		{35E56CFD-EE5F-408C-9D99-4A0A983C74CB}.Release|Any CPU.ActiveCfg = Release|Any CPU
		{35E56CFD-EE5F-408C-9D99-4A0A983C74CB}.Release|Any CPU.Build.0 = Release|Any CPU
		{8BB70D2E-9AB3-4978-B169-2BDFD75A7239}.Debug|Any CPU.ActiveCfg = Debug|Any CPU
		{8BB70D2E-9AB3-4978-B169-2BDFD75A7239}.Debug|Any CPU.Build.0 = Debug|Any CPU
		{8BB70D2E-9AB3-4978-B169-2BDFD75A7239}.Release|Any CPU.ActiveCfg = Release|Any CPU
		{8BB70D2E-9AB3-4978-B169-2BDFD75A7239}.Release|Any CPU.Build.0 = Release|Any CPU
		{266E72AE-5288-46BF-81F8-3BB159BFF30D}.Debug|Any CPU.ActiveCfg = Debug|Any CPU
		{266E72AE-5288-46BF-81F8-3BB159BFF30D}.Debug|Any CPU.Build.0 = Debug|Any CPU
		{266E72AE-5288-46BF-81F8-3BB159BFF30D}.Release|Any CPU.ActiveCfg = Release|Any CPU
		{266E72AE-5288-46BF-81F8-3BB159BFF30D}.Release|Any CPU.Build.0 = Release|Any CPU
		{87831181-AD38-4612-930D-2CA1EC6DEBF0}.Debug|Any CPU.ActiveCfg = Debug|Any CPU
		{87831181-AD38-4612-930D-2CA1EC6DEBF0}.Debug|Any CPU.Build.0 = Debug|Any CPU
		{87831181-AD38-4612-930D-2CA1EC6DEBF0}.Release|Any CPU.ActiveCfg = Release|Any CPU
		{87831181-AD38-4612-930D-2CA1EC6DEBF0}.Release|Any CPU.Build.0 = Release|Any CPU
	EndGlobalSection
	GlobalSection(SolutionProperties) = preSolution
		HideSolutionNode = FALSE
	EndGlobalSection
	GlobalSection(ExtensibilityGlobals) = postSolution
		SolutionGuid = {B4FDE273-36F3-4275-9E04-5350DA71140B}
	EndGlobalSection
EndGlobal
